// !$*UTF8*$!
{
	archiveVersion = 1;
	classes = {
	};
	objectVersion = 56;
	objects = {

/* Begin PBXBuildFile section */
		C1B150F92A4B970E0011620D /* AppDelegate.swift in Sources */ = {isa = PBXBuildFile; fileRef = C1B150F82A4B970E0011620D /* AppDelegate.swift */; };
		C1B150FB2A4B970E0011620D /* SceneDelegate.swift in Sources */ = {isa = PBXBuildFile; fileRef = C1B150FA2A4B970E0011620D /* SceneDelegate.swift */; };
		C1B150FD2A4B970E0011620D /* RMTabBarViewController.swift in Sources */ = {isa = PBXBuildFile; fileRef = C1B150FC2A4B970E0011620D /* RMTabBarViewController.swift */; };
		C1B151022A4B970F0011620D /* Assets.xcassets in Resources */ = {isa = PBXBuildFile; fileRef = C1B151012A4B970F0011620D /* Assets.xcassets */; };
		C1B151052A4B970F0011620D /* LaunchScreen.storyboard in Resources */ = {isa = PBXBuildFile; fileRef = C1B151032A4B970F0011620D /* LaunchScreen.storyboard */; };
		C1B151162A4B9DF50011620D /* RMLocation.swift in Sources */ = {isa = PBXBuildFile; fileRef = C1B151152A4B9DF50011620D /* RMLocation.swift */; };
		C1B151182A4BA9810011620D /* RMCharacter.swift in Sources */ = {isa = PBXBuildFile; fileRef = C1B151172A4BA9810011620D /* RMCharacter.swift */; };
		C1B1511A2A4BA9A50011620D /* RMEpisode.swift in Sources */ = {isa = PBXBuildFile; fileRef = C1B151192A4BA9A50011620D /* RMEpisode.swift */; };
		C1B1511C2A4BA9C30011620D /* RMCharacterGender.swift in Sources */ = {isa = PBXBuildFile; fileRef = C1B1511B2A4BA9C30011620D /* RMCharacterGender.swift */; };
		C1B1511E2A4BA9D90011620D /* RMCharacterStatus.swift in Sources */ = {isa = PBXBuildFile; fileRef = C1B1511D2A4BA9D90011620D /* RMCharacterStatus.swift */; };
		C1B151202A4BAA310011620D /* RMOrigin.swift in Sources */ = {isa = PBXBuildFile; fileRef = C1B1511F2A4BAA310011620D /* RMOrigin.swift */; };
		C1B151222A4BAA470011620D /* RMSingleLocation.swift in Sources */ = {isa = PBXBuildFile; fileRef = C1B151212A4BAA470011620D /* RMSingleLocation.swift */; };
		C1B151252A4BAB690011620D /* RMCharacterViewController.swift in Sources */ = {isa = PBXBuildFile; fileRef = C1B151242A4BAB690011620D /* RMCharacterViewController.swift */; };
		C1B151282A4BABB50011620D /* RMLocationViewController.swift in Sources */ = {isa = PBXBuildFile; fileRef = C1B151272A4BABB50011620D /* RMLocationViewController.swift */; };
		C1B1512A2A4BABCA0011620D /* RMEpisodeViewController.swift in Sources */ = {isa = PBXBuildFile; fileRef = C1B151292A4BABCA0011620D /* RMEpisodeViewController.swift */; };
		C1B1512C2A4BABE00011620D /* RMSettingsViewController.swift in Sources */ = {isa = PBXBuildFile; fileRef = C1B1512B2A4BABE00011620D /* RMSettingsViewController.swift */; };
/* End PBXBuildFile section */

/* Begin PBXFileReference section */
		C1B150F52A4B970E0011620D /* RickAndMorty.app */ = {isa = PBXFileReference; explicitFileType = wrapper.application; includeInIndex = 0; path = RickAndMorty.app; sourceTree = BUILT_PRODUCTS_DIR; };
		C1B150F82A4B970E0011620D /* AppDelegate.swift */ = {isa = PBXFileReference; lastKnownFileType = sourcecode.swift; path = AppDelegate.swift; sourceTree = "<group>"; };
		C1B150FA2A4B970E0011620D /* SceneDelegate.swift */ = {isa = PBXFileReference; lastKnownFileType = sourcecode.swift; path = SceneDelegate.swift; sourceTree = "<group>"; };
		C1B150FC2A4B970E0011620D /* RMTabBarViewController.swift */ = {isa = PBXFileReference; lastKnownFileType = sourcecode.swift; path = RMTabBarViewController.swift; sourceTree = "<group>"; };
		C1B151012A4B970F0011620D /* Assets.xcassets */ = {isa = PBXFileReference; lastKnownFileType = folder.assetcatalog; path = Assets.xcassets; sourceTree = "<group>"; };
		C1B151042A4B970F0011620D /* Base */ = {isa = PBXFileReference; lastKnownFileType = file.storyboard; name = Base; path = Base.lproj/LaunchScreen.storyboard; sourceTree = "<group>"; };
		C1B151062A4B970F0011620D /* Info.plist */ = {isa = PBXFileReference; lastKnownFileType = text.plist.xml; path = Info.plist; sourceTree = "<group>"; };
		C1B151152A4B9DF50011620D /* RMLocation.swift */ = {isa = PBXFileReference; lastKnownFileType = sourcecode.swift; path = RMLocation.swift; sourceTree = "<group>"; };
		C1B151172A4BA9810011620D /* RMCharacter.swift */ = {isa = PBXFileReference; lastKnownFileType = sourcecode.swift; path = RMCharacter.swift; sourceTree = "<group>"; };
		C1B151192A4BA9A50011620D /* RMEpisode.swift */ = {isa = PBXFileReference; lastKnownFileType = sourcecode.swift; path = RMEpisode.swift; sourceTree = "<group>"; };
		C1B1511B2A4BA9C30011620D /* RMCharacterGender.swift */ = {isa = PBXFileReference; lastKnownFileType = sourcecode.swift; path = RMCharacterGender.swift; sourceTree = "<group>"; };
		C1B1511D2A4BA9D90011620D /* RMCharacterStatus.swift */ = {isa = PBXFileReference; lastKnownFileType = sourcecode.swift; path = RMCharacterStatus.swift; sourceTree = "<group>"; };
		C1B1511F2A4BAA310011620D /* RMOrigin.swift */ = {isa = PBXFileReference; lastKnownFileType = sourcecode.swift; path = RMOrigin.swift; sourceTree = "<group>"; };
		C1B151212A4BAA470011620D /* RMSingleLocation.swift */ = {isa = PBXFileReference; lastKnownFileType = sourcecode.swift; path = RMSingleLocation.swift; sourceTree = "<group>"; };
		C1B151242A4BAB690011620D /* RMCharacterViewController.swift */ = {isa = PBXFileReference; lastKnownFileType = sourcecode.swift; path = RMCharacterViewController.swift; sourceTree = "<group>"; };
		C1B151272A4BABB50011620D /* RMLocationViewController.swift */ = {isa = PBXFileReference; lastKnownFileType = sourcecode.swift; path = RMLocationViewController.swift; sourceTree = "<group>"; };
		C1B151292A4BABCA0011620D /* RMEpisodeViewController.swift */ = {isa = PBXFileReference; lastKnownFileType = sourcecode.swift; path = RMEpisodeViewController.swift; sourceTree = "<group>"; };
		C1B1512B2A4BABE00011620D /* RMSettingsViewController.swift */ = {isa = PBXFileReference; lastKnownFileType = sourcecode.swift; path = RMSettingsViewController.swift; sourceTree = "<group>"; };
/* End PBXFileReference section */

/* Begin PBXFrameworksBuildPhase section */
		C1B150F22A4B970E0011620D /* Frameworks */ = {
			isa = PBXFrameworksBuildPhase;
			buildActionMask = 2147483647;
			files = (
			);
			runOnlyForDeploymentPostprocessing = 0;
		};
/* End PBXFrameworksBuildPhase section */

/* Begin PBXGroup section */
		C1B150EC2A4B970D0011620D = {
			isa = PBXGroup;
			children = (
				C1B150F72A4B970E0011620D /* RickAndMorty */,
				C1B150F62A4B970E0011620D /* Products */,
			);
			sourceTree = "<group>";
		};
		C1B150F62A4B970E0011620D /* Products */ = {
			isa = PBXGroup;
			children = (
				C1B150F52A4B970E0011620D /* RickAndMorty.app */,
			);
			name = Products;
			sourceTree = "<group>";
		};
		C1B150F72A4B970E0011620D /* RickAndMorty */ = {
			isa = PBXGroup;
			children = (
				C1B151122A4B9CB70011620D /* Resources */,
				C1B151112A4B9CAD0011620D /* APIClient */,
				C1B151102A4B9CA20011620D /* Managers */,
				C1B1510F2A4B9C970011620D /* ViewModels */,
				C1B1510E2A4B9C8A0011620D /* Controllers */,
				C1B1510D2A4B9C5D0011620D /* Views */,
				C1B1510C2A4B9C540011620D /* Models */,
				C1B151062A4B970F0011620D /* Info.plist */,
			);
			path = RickAndMorty;
			sourceTree = "<group>";
		};
		C1B1510C2A4B9C540011620D /* Models */ = {
			isa = PBXGroup;
			children = (
				C1B151142A4B9DCD0011620D /* DataTypes */,
				C1B151132A4B9DBA0011620D /* APIResponseTypes */,
			);
			path = Models;
			sourceTree = "<group>";
		};
		C1B1510D2A4B9C5D0011620D /* Views */ = {
			isa = PBXGroup;
			children = (
			);
			path = Views;
			sourceTree = "<group>";
		};
		C1B1510E2A4B9C8A0011620D /* Controllers */ = {
			isa = PBXGroup;
			children = (
				C1B151232A4BAB170011620D /* Core */,
			);
			path = Controllers;
			sourceTree = "<group>";
		};
		C1B1510F2A4B9C970011620D /* ViewModels */ = {
			isa = PBXGroup;
			children = (
			);
			path = ViewModels;
			sourceTree = "<group>";
		};
		C1B151102A4B9CA20011620D /* Managers */ = {
			isa = PBXGroup;
			children = (
			);
			path = Managers;
			sourceTree = "<group>";
		};
		C1B151112A4B9CAD0011620D /* APIClient */ = {
			isa = PBXGroup;
			children = (
			);
			path = APIClient;
			sourceTree = "<group>";
		};
		C1B151122A4B9CB70011620D /* Resources */ = {
			isa = PBXGroup;
			children = (
				C1B150F82A4B970E0011620D /* AppDelegate.swift */,
				C1B150FA2A4B970E0011620D /* SceneDelegate.swift */,
				C1B151012A4B970F0011620D /* Assets.xcassets */,
				C1B151032A4B970F0011620D /* LaunchScreen.storyboard */,
			);
			path = Resources;
			sourceTree = "<group>";
		};
		C1B151132A4B9DBA0011620D /* APIResponseTypes */ = {
			isa = PBXGroup;
			children = (
			);
			path = APIResponseTypes;
			sourceTree = "<group>";
		};
		C1B151142A4B9DCD0011620D /* DataTypes */ = {
			isa = PBXGroup;
			children = (
				C1B151152A4B9DF50011620D /* RMLocation.swift */,
				C1B151172A4BA9810011620D /* RMCharacter.swift */,
				C1B151192A4BA9A50011620D /* RMEpisode.swift */,
				C1B1511B2A4BA9C30011620D /* RMCharacterGender.swift */,
				C1B1511D2A4BA9D90011620D /* RMCharacterStatus.swift */,
				C1B1511F2A4BAA310011620D /* RMOrigin.swift */,
				C1B151212A4BAA470011620D /* RMSingleLocation.swift */,
			);
			path = DataTypes;
			sourceTree = "<group>";
		};
		C1B151232A4BAB170011620D /* Core */ = {
			isa = PBXGroup;
			children = (
				C1B150FC2A4B970E0011620D /* RMTabBarViewController.swift */,
				C1B151242A4BAB690011620D /* RMCharacterViewController.swift */,
				C1B151272A4BABB50011620D /* RMLocationViewController.swift */,
				C1B151292A4BABCA0011620D /* RMEpisodeViewController.swift */,
				C1B1512B2A4BABE00011620D /* RMSettingsViewController.swift */,
			);
			path = Core;
			sourceTree = "<group>";
		};
/* End PBXGroup section */

/* Begin PBXNativeTarget section */
		C1B150F42A4B970E0011620D /* RickAndMorty */ = {
			isa = PBXNativeTarget;
			buildConfigurationList = C1B151092A4B970F0011620D /* Build configuration list for PBXNativeTarget "RickAndMorty" */;
			buildPhases = (
				C1B150F12A4B970E0011620D /* Sources */,
				C1B150F22A4B970E0011620D /* Frameworks */,
				C1B150F32A4B970E0011620D /* Resources */,
			);
			buildRules = (
			);
			dependencies = (
			);
			name = RickAndMorty;
			productName = RickAndMorty;
			productReference = C1B150F52A4B970E0011620D /* RickAndMorty.app */;
			productType = "com.apple.product-type.application";
		};
/* End PBXNativeTarget section */

/* Begin PBXProject section */
		C1B150ED2A4B970D0011620D /* Project object */ = {
			isa = PBXProject;
			attributes = {
				BuildIndependentTargetsInParallel = 1;
				LastSwiftUpdateCheck = 1430;
				LastUpgradeCheck = 1430;
				TargetAttributes = {
					C1B150F42A4B970E0011620D = {
						CreatedOnToolsVersion = 14.3.1;
					};
				};
			};
			buildConfigurationList = C1B150F02A4B970D0011620D /* Build configuration list for PBXProject "RickAndMorty" */;
			compatibilityVersion = "Xcode 14.0";
			developmentRegion = en;
			hasScannedForEncodings = 0;
			knownRegions = (
				en,
				Base,
			);
			mainGroup = C1B150EC2A4B970D0011620D;
			productRefGroup = C1B150F62A4B970E0011620D /* Products */;
			projectDirPath = "";
			projectRoot = "";
			targets = (
				C1B150F42A4B970E0011620D /* RickAndMorty */,
			);
		};
/* End PBXProject section */

/* Begin PBXResourcesBuildPhase section */
		C1B150F32A4B970E0011620D /* Resources */ = {
			isa = PBXResourcesBuildPhase;
			buildActionMask = 2147483647;
			files = (
				C1B151052A4B970F0011620D /* LaunchScreen.storyboard in Resources */,
				C1B151022A4B970F0011620D /* Assets.xcassets in Resources */,
			);
			runOnlyForDeploymentPostprocessing = 0;
		};
/* End PBXResourcesBuildPhase section */

/* Begin PBXSourcesBuildPhase section */
		C1B150F12A4B970E0011620D /* Sources */ = {
			isa = PBXSourcesBuildPhase;
			buildActionMask = 2147483647;
			files = (
				C1B151282A4BABB50011620D /* RMLocationViewController.swift in Sources */,
				C1B1511A2A4BA9A50011620D /* RMEpisode.swift in Sources */,
				C1B151222A4BAA470011620D /* RMSingleLocation.swift in Sources */,
				C1B150FD2A4B970E0011620D /* RMTabBarViewController.swift in Sources */,
				C1B1511E2A4BA9D90011620D /* RMCharacterStatus.swift in Sources */,
				C1B1512A2A4BABCA0011620D /* RMEpisodeViewController.swift in Sources */,
				C1B150F92A4B970E0011620D /* AppDelegate.swift in Sources */,
				C1B1511C2A4BA9C30011620D /* RMCharacterGender.swift in Sources */,
				C1B150FB2A4B970E0011620D /* SceneDelegate.swift in Sources */,
				C1B151162A4B9DF50011620D /* RMLocation.swift in Sources */,
				C1B151252A4BAB690011620D /* RMCharacterViewController.swift in Sources */,
				C1B151202A4BAA310011620D /* RMOrigin.swift in Sources */,
				C1B1512C2A4BABE00011620D /* RMSettingsViewController.swift in Sources */,
				C1B151182A4BA9810011620D /* RMCharacter.swift in Sources */,
			);
			runOnlyForDeploymentPostprocessing = 0;
		};
/* End PBXSourcesBuildPhase section */

/* Begin PBXVariantGroup section */
		C1B151032A4B970F0011620D /* LaunchScreen.storyboard */ = {
			isa = PBXVariantGroup;
			children = (
				C1B151042A4B970F0011620D /* Base */,
			);
			name = LaunchScreen.storyboard;
			sourceTree = "<group>";
		};
/* End PBXVariantGroup section */

/* Begin XCBuildConfiguration section */
		C1B151072A4B970F0011620D /* Debug */ = {
			isa = XCBuildConfiguration;
			buildSettings = {
				ALWAYS_SEARCH_USER_PATHS = NO;
				CLANG_ANALYZER_NONNULL = YES;
				CLANG_ANALYZER_NUMBER_OBJECT_CONVERSION = YES_AGGRESSIVE;
				CLANG_CXX_LANGUAGE_STANDARD = "gnu++20";
				CLANG_ENABLE_MODULES = YES;
				CLANG_ENABLE_OBJC_ARC = YES;
				CLANG_ENABLE_OBJC_WEAK = YES;
				CLANG_WARN_BLOCK_CAPTURE_AUTORELEASING = YES;
				CLANG_WARN_BOOL_CONVERSION = YES;
				CLANG_WARN_COMMA = YES;
				CLANG_WARN_CONSTANT_CONVERSION = YES;
				CLANG_WARN_DEPRECATED_OBJC_IMPLEMENTATIONS = YES;
				CLANG_WARN_DIRECT_OBJC_ISA_USAGE = YES_ERROR;
				CLANG_WARN_DOCUMENTATION_COMMENTS = YES;
				CLANG_WARN_EMPTY_BODY = YES;
				CLANG_WARN_ENUM_CONVERSION = YES;
				CLANG_WARN_INFINITE_RECURSION = YES;
				CLANG_WARN_INT_CONVERSION = YES;
				CLANG_WARN_NON_LITERAL_NULL_CONVERSION = YES;
				CLANG_WARN_OBJC_IMPLICIT_RETAIN_SELF = YES;
				CLANG_WARN_OBJC_LITERAL_CONVERSION = YES;
				CLANG_WARN_OBJC_ROOT_CLASS = YES_ERROR;
				CLANG_WARN_QUOTED_INCLUDE_IN_FRAMEWORK_HEADER = YES;
				CLANG_WARN_RANGE_LOOP_ANALYSIS = YES;
				CLANG_WARN_STRICT_PROTOTYPES = YES;
				CLANG_WARN_SUSPICIOUS_MOVE = YES;
				CLANG_WARN_UNGUARDED_AVAILABILITY = YES_AGGRESSIVE;
				CLANG_WARN_UNREACHABLE_CODE = YES;
				CLANG_WARN__DUPLICATE_METHOD_MATCH = YES;
				COPY_PHASE_STRIP = NO;
				DEBUG_INFORMATION_FORMAT = dwarf;
				ENABLE_STRICT_OBJC_MSGSEND = YES;
				ENABLE_TESTABILITY = YES;
				GCC_C_LANGUAGE_STANDARD = gnu11;
				GCC_DYNAMIC_NO_PIC = NO;
				GCC_NO_COMMON_BLOCKS = YES;
				GCC_OPTIMIZATION_LEVEL = 0;
				GCC_PREPROCESSOR_DEFINITIONS = (
					"DEBUG=1",
					"$(inherited)",
				);
				GCC_WARN_64_TO_32_BIT_CONVERSION = YES;
				GCC_WARN_ABOUT_RETURN_TYPE = YES_ERROR;
				GCC_WARN_UNDECLARED_SELECTOR = YES;
				GCC_WARN_UNINITIALIZED_AUTOS = YES_AGGRESSIVE;
				GCC_WARN_UNUSED_FUNCTION = YES;
				GCC_WARN_UNUSED_VARIABLE = YES;
				IPHONEOS_DEPLOYMENT_TARGET = 16.4;
				MTL_ENABLE_DEBUG_INFO = INCLUDE_SOURCE;
				MTL_FAST_MATH = YES;
				ONLY_ACTIVE_ARCH = YES;
				SDKROOT = iphoneos;
				SWIFT_ACTIVE_COMPILATION_CONDITIONS = DEBUG;
				SWIFT_OPTIMIZATION_LEVEL = "-Onone";
			};
			name = Debug;
		};
		C1B151082A4B970F0011620D /* Release */ = {
			isa = XCBuildConfiguration;
			buildSettings = {
				ALWAYS_SEARCH_USER_PATHS = NO;
				CLANG_ANALYZER_NONNULL = YES;
				CLANG_ANALYZER_NUMBER_OBJECT_CONVERSION = YES_AGGRESSIVE;
				CLANG_CXX_LANGUAGE_STANDARD = "gnu++20";
				CLANG_ENABLE_MODULES = YES;
				CLANG_ENABLE_OBJC_ARC = YES;
				CLANG_ENABLE_OBJC_WEAK = YES;
				CLANG_WARN_BLOCK_CAPTURE_AUTORELEASING = YES;
				CLANG_WARN_BOOL_CONVERSION = YES;
				CLANG_WARN_COMMA = YES;
				CLANG_WARN_CONSTANT_CONVERSION = YES;
				CLANG_WARN_DEPRECATED_OBJC_IMPLEMENTATIONS = YES;
				CLANG_WARN_DIRECT_OBJC_ISA_USAGE = YES_ERROR;
				CLANG_WARN_DOCUMENTATION_COMMENTS = YES;
				CLANG_WARN_EMPTY_BODY = YES;
				CLANG_WARN_ENUM_CONVERSION = YES;
				CLANG_WARN_INFINITE_RECURSION = YES;
				CLANG_WARN_INT_CONVERSION = YES;
				CLANG_WARN_NON_LITERAL_NULL_CONVERSION = YES;
				CLANG_WARN_OBJC_IMPLICIT_RETAIN_SELF = YES;
				CLANG_WARN_OBJC_LITERAL_CONVERSION = YES;
				CLANG_WARN_OBJC_ROOT_CLASS = YES_ERROR;
				CLANG_WARN_QUOTED_INCLUDE_IN_FRAMEWORK_HEADER = YES;
				CLANG_WARN_RANGE_LOOP_ANALYSIS = YES;
				CLANG_WARN_STRICT_PROTOTYPES = YES;
				CLANG_WARN_SUSPICIOUS_MOVE = YES;
				CLANG_WARN_UNGUARDED_AVAILABILITY = YES_AGGRESSIVE;
				CLANG_WARN_UNREACHABLE_CODE = YES;
				CLANG_WARN__DUPLICATE_METHOD_MATCH = YES;
				COPY_PHASE_STRIP = NO;
				DEBUG_INFORMATION_FORMAT = "dwarf-with-dsym";
				ENABLE_NS_ASSERTIONS = NO;
				ENABLE_STRICT_OBJC_MSGSEND = YES;
				GCC_C_LANGUAGE_STANDARD = gnu11;
				GCC_NO_COMMON_BLOCKS = YES;
				GCC_WARN_64_TO_32_BIT_CONVERSION = YES;
				GCC_WARN_ABOUT_RETURN_TYPE = YES_ERROR;
				GCC_WARN_UNDECLARED_SELECTOR = YES;
				GCC_WARN_UNINITIALIZED_AUTOS = YES_AGGRESSIVE;
				GCC_WARN_UNUSED_FUNCTION = YES;
				GCC_WARN_UNUSED_VARIABLE = YES;
				IPHONEOS_DEPLOYMENT_TARGET = 16.4;
				MTL_ENABLE_DEBUG_INFO = NO;
				MTL_FAST_MATH = YES;
				SDKROOT = iphoneos;
				SWIFT_COMPILATION_MODE = wholemodule;
				SWIFT_OPTIMIZATION_LEVEL = "-O";
				VALIDATE_PRODUCT = YES;
			};
			name = Release;
		};
		C1B1510A2A4B970F0011620D /* Debug */ = {
			isa = XCBuildConfiguration;
			buildSettings = {
				ASSETCATALOG_COMPILER_APPICON_NAME = AppIcon;
				ASSETCATALOG_COMPILER_GLOBAL_ACCENT_COLOR_NAME = AccentColor;
				CODE_SIGN_STYLE = Automatic;
				CURRENT_PROJECT_VERSION = 1;
				DEVELOPMENT_TEAM = 2436FLG37H;
				GENERATE_INFOPLIST_FILE = YES;
				INFOPLIST_FILE = RickAndMorty/Info.plist;
				INFOPLIST_KEY_UIApplicationSupportsIndirectInputEvents = YES;
				INFOPLIST_KEY_UILaunchStoryboardName = LaunchScreen;
				INFOPLIST_KEY_UISupportedInterfaceOrientations_iPad = "UIInterfaceOrientationPortrait UIInterfaceOrientationPortraitUpsideDown UIInterfaceOrientationLandscapeLeft UIInterfaceOrientationLandscapeRight";
				INFOPLIST_KEY_UISupportedInterfaceOrientations_iPhone = "UIInterfaceOrientationPortrait UIInterfaceOrientationLandscapeLeft UIInterfaceOrientationLandscapeRight";
				LD_RUNPATH_SEARCH_PATHS = (
					"$(inherited)",
					"@executable_path/Frameworks",
				);
				MARKETING_VERSION = 1.0;
				PRODUCT_BUNDLE_IDENTIFIER = dev.gonzcode.RickAndMorty;
				PRODUCT_NAME = "$(TARGET_NAME)";
				SWIFT_EMIT_LOC_STRINGS = YES;
				SWIFT_VERSION = 5.0;
				TARGETED_DEVICE_FAMILY = "1,2";
			};
			name = Debug;
		};
		C1B1510B2A4B970F0011620D /* Release */ = {
			isa = XCBuildConfiguration;
			buildSettings = {
				ASSETCATALOG_COMPILER_APPICON_NAME = AppIcon;
				ASSETCATALOG_COMPILER_GLOBAL_ACCENT_COLOR_NAME = AccentColor;
				CODE_SIGN_STYLE = Automatic;
				CURRENT_PROJECT_VERSION = 1;
				DEVELOPMENT_TEAM = 2436FLG37H;
				GENERATE_INFOPLIST_FILE = YES;
				INFOPLIST_FILE = RickAndMorty/Info.plist;
				INFOPLIST_KEY_UIApplicationSupportsIndirectInputEvents = YES;
				INFOPLIST_KEY_UILaunchStoryboardName = LaunchScreen;
				INFOPLIST_KEY_UISupportedInterfaceOrientations_iPad = "UIInterfaceOrientationPortrait UIInterfaceOrientationPortraitUpsideDown UIInterfaceOrientationLandscapeLeft UIInterfaceOrientationLandscapeRight";
				INFOPLIST_KEY_UISupportedInterfaceOrientations_iPhone = "UIInterfaceOrientationPortrait UIInterfaceOrientationLandscapeLeft UIInterfaceOrientationLandscapeRight";
				LD_RUNPATH_SEARCH_PATHS = (
					"$(inherited)",
					"@executable_path/Frameworks",
				);
				MARKETING_VERSION = 1.0;
				PRODUCT_BUNDLE_IDENTIFIER = dev.gonzcode.RickAndMorty;
				PRODUCT_NAME = "$(TARGET_NAME)";
				SWIFT_EMIT_LOC_STRINGS = YES;
				SWIFT_VERSION = 5.0;
				TARGETED_DEVICE_FAMILY = "1,2";
			};
			name = Release;
		};
/* End XCBuildConfiguration section */

/* Begin XCConfigurationList section */
		C1B150F02A4B970D0011620D /* Build configuration list for PBXProject "RickAndMorty" */ = {
			isa = XCConfigurationList;
			buildConfigurations = (
				C1B151072A4B970F0011620D /* Debug */,
				C1B151082A4B970F0011620D /* Release */,
			);
			defaultConfigurationIsVisible = 0;
			defaultConfigurationName = Release;
		};
		C1B151092A4B970F0011620D /* Build configuration list for PBXNativeTarget "RickAndMorty" */ = {
			isa = XCConfigurationList;
			buildConfigurations = (
				C1B1510A2A4B970F0011620D /* Debug */,
				C1B1510B2A4B970F0011620D /* Release */,
			);
			defaultConfigurationIsVisible = 0;
			defaultConfigurationName = Release;
		};
/* End XCConfigurationList section */
	};
	rootObject = C1B150ED2A4B970D0011620D /* Project object */;
}
